
Microsoft Visual Studio Solution File, Format Version 12.00
# Visual Studio Version 16
VisualStudioVersion = 16.0.29020.237
MinimumVisualStudioVersion = 10.0.40219.1
Project("{FAE04EC0-301F-11D3-BF4B-00C04F79EFBC}") = "FileIOArray", "FileIOArray\FileIOArray.csproj", "{4DDE609C-B911-425C-B799-EF0DB2F59326}"
EndProject
Global
	GlobalSection(SolutionConfigurationPlatforms) = preSolution
		Debug|Any CPU = Debug|Any CPU
		Release|Any CPU = Release|Any CPU
	EndGlobalSection
	GlobalSection(ProjectConfigurationPlatforms) = postSolution
		{4DDE609C-B911-425C-B799-EF0DB2F59326}.Debug|Any CPU.ActiveCfg = Debug|Any CPU
		{4DDE609C-B911-425C-B799-EF0DB2F59326}.Debug|Any CPU.Build.0 = Debug|Any CPU
		{4DDE609C-B911-425C-B799-EF0DB2F59326}.Release|Any CPU.ActiveCfg = Release|Any CPU
		{4DDE609C-B911-425C-B799-EF0DB2F59326}.Release|Any CPU.Build.0 = Release|Any CPU
	EndGlobalSection
	GlobalSection(SolutionProperties) = preSolution
		HideSolutionNode = FALSE
	EndGlobalSection
	GlobalSection(ExtensibilityGlobals) = postSolution
		SolutionGuid = {AB8A0FF1-CC6B-4613-986F-89081F5116B6}
	EndGlobalSection
EndGlobal
